
Microsoft Visual Studio Solution File, Format Version 12.00
# Visual Studio Version 17
VisualStudioVersion = 17.4.33103.184
MinimumVisualStudioVersion = 10.0.40219.1
Project("{FAE04EC0-301F-11D3-BF4B-00C04F79EFBC}") = "ezSign", "ezSign\ezSign.csproj", "{E2BB265E-3025-4815-830A-6F9490DFAEF0}"
EndProject
Global
	GlobalSection(SolutionConfigurationPlatforms) = preSolution
		Debug|Any CPU = Debug|Any CPU
		Release|Any CPU = Release|Any CPU
	EndGlobalSection
	GlobalSection(ProjectConfigurationPlatforms) = postSolution
		{E2BB265E-3025-4815-830A-6F9490DFAEF0}.Debug|Any CPU.ActiveCfg = Debug|Any CPU
		{E2BB265E-3025-4815-830A-6F9490DFAEF0}.Debug|Any CPU.Build.0 = Debug|Any CPU
		{E2BB265E-3025-4815-830A-6F9490DFAEF0}.Release|Any CPU.ActiveCfg = Release|Any CPU
		{E2BB265E-3025-4815-830A-6F9490DFAEF0}.Release|Any CPU.Build.0 = Release|Any CPU
	EndGlobalSection
	GlobalSection(SolutionProperties) = preSolution
		HideSolutionNode = FALSE
	EndGlobalSection
	GlobalSection(ExtensibilityGlobals) = postSolution
		SolutionGuid = {87129F29-7C4E-42CC-A516-3FBF98887550}
	EndGlobalSection
EndGlobal
